
Microsoft Visual Studio Solution File, Format Version 12.00
# Visual Studio Version 17
VisualStudioVersion = 17.11.35327.3
MinimumVisualStudioVersion = 10.0.40219.1
Project("{2150E333-8FDC-42A3-9474-1A3956D46DE8}") = "Task0", "Task0", "{BC3FC517-36E3-43A5-B249-CBD67547FC6E}"
EndProject
Project("{9A19103F-16F7-4668-BE54-9A1E7A4F7556}") = "Tyuiu.KonstantinovaJN.Sprint3.Task0.V5", "Tyuiu.KonstantinovaJN.Sprint3.Task0.V5\Tyuiu.KonstantinovaJN.Sprint3.Task0.V5.csproj", "{4F7AC569-482D-4C36-97CA-F2CEF1A4F323}"
EndProject
Project("{9A19103F-16F7-4668-BE54-9A1E7A4F7556}") = "Tyuiu.KonstantinovaJN.Sprint3.Task0.V5.Test", "Tyuiu.KonstantinovaJN.Sprint3.Task0.V5.Test\Tyuiu.KonstantinovaJN.Sprint3.Task0.V5.Test.csproj", "{FC568331-C13C-448F-89C6-68770B7EBB41}"
EndProject
Project("{9A19103F-16F7-4668-BE54-9A1E7A4F7556}") = "Tyuiu.KonstantinovaJN.Sprint3.Task0.V5.Lib", "Tyuiu.KonstantinovaJN.Sprint3.Task0.V5.Lib\Tyuiu.KonstantinovaJN.Sprint3.Task0.V5.Lib.csproj", "{2E5140C2-3424-4845-A91C-B48B1728D331}"
EndProject
Project("{2150E333-8FDC-42A3-9474-1A3956D46DE8}") = "Task1", "Task1", "{3856B63A-E6C6-479A-B19A-1560336B8043}"
EndProject
Project("{9A19103F-16F7-4668-BE54-9A1E7A4F7556}") = "Tyuiu.KonstantinovaJN.Sprint3.Task1.V3", "Tyuiu.KonstantinovaJN.Sprint3.Task1.V3\Tyuiu.KonstantinovaJN.Sprint3.Task1.V3.csproj", "{40652217-48EC-43F3-99FA-2A2749F292ED}"
EndProject
Project("{9A19103F-16F7-4668-BE54-9A1E7A4F7556}") = "Tyuiu.KonstantinovaJN.Sprint3.Task1.V3.Lib", "Tyuiu.KonstantinovaJN.Sprint3.Task1.V3.Lib\Tyuiu.KonstantinovaJN.Sprint3.Task1.V3.Lib.csproj", "{4BAF72F1-C554-4F5D-B3DA-7E8B1BD6915F}"
EndProject
Project("{9A19103F-16F7-4668-BE54-9A1E7A4F7556}") = "Tyuiu.KonstantinovaJN.Sprint3.Task1.V3.Test", "Tyuiu.KonstantinovaJN.Sprint3.Task1.V3.Test\Tyuiu.KonstantinovaJN.Sprint3.Task1.V3.Test.csproj", "{33B0D434-B556-41D9-9D1E-E1A5C19D77B6}"
EndProject
Project("{2150E333-8FDC-42A3-9474-1A3956D46DE8}") = "Task2", "Task2", "{6910F31E-2631-4118-9D10-F46284DA4AE7}"
EndProject
Project("{9A19103F-16F7-4668-BE54-9A1E7A4F7556}") = "Tyuiu.KonstantinovaJN.Sprint3.Task2.V5", "Tyuiu.KonstantinovaJN.Sprint3.Task2.V5\Tyuiu.KonstantinovaJN.Sprint3.Task2.V5.csproj", "{61B8C29C-3325-428A-93AE-EBE6B7A0AD35}"
EndProject
Project("{9A19103F-16F7-4668-BE54-9A1E7A4F7556}") = "Tyuiu.KonstantinovaJN.Sprint3.Task2.V5.Test", "Tyuiu.KonstantinovaJN.Sprint3.Task2.V5.Test\Tyuiu.KonstantinovaJN.Sprint3.Task2.V5.Test.csproj", "{2F4D9A91-B071-4289-ABBA-33A92E0F4C1C}"
EndProject
Project("{9A19103F-16F7-4668-BE54-9A1E7A4F7556}") = "Tyuiu.KonstantinovaJN.Sprint3.Task2.V5.Lib", "Tyuiu.KonstantinovaJN.Sprint3.Task2.V5.Lib\Tyuiu.KonstantinovaJN.Sprint3.Task2.V5.Lib.csproj", "{FC90E701-B334-4788-90A7-75C896639DED}"
EndProject
Project("{2150E333-8FDC-42A3-9474-1A3956D46DE8}") = "Task3", "Task3", "{35359E22-12B3-49D4-8039-488D584F33B1}"
EndProject
Project("{9A19103F-16F7-4668-BE54-9A1E7A4F7556}") = "Tyuiu.KonstantinovaJN.Sprint3.Task3.V18", "Tyuiu.KonstantinovaJN.Sprint3.Task3.V18\Tyuiu.KonstantinovaJN.Sprint3.Task3.V18.csproj", "{51A1E639-6CB6-49E5-8404-FBD6599FD8C9}"
EndProject
Project("{9A19103F-16F7-4668-BE54-9A1E7A4F7556}") = "Tyuiu.KonstantinovaJN.Sprint3.Task3.V18.Lib", "Tyuiu.KonstantinovaJN.Sprint3.Task3.V18.Lib\Tyuiu.KonstantinovaJN.Sprint3.Task3.V18.Lib.csproj", "{B41DAF39-F1E4-4C2D-A9C6-B96481E7299D}"
EndProject
Project("{9A19103F-16F7-4668-BE54-9A1E7A4F7556}") = "Tyuiu.KonstantinovaJN.Sprint3.Task3.V18.Test", "Tyuiu.KonstantinovaJN.Sprint3.Task3.V18.Test\Tyuiu.KonstantinovaJN.Sprint3.Task3.V18.Test.csproj", "{24C8B028-F914-4DF8-886C-520097FD7009}"
EndProject
Project("{2150E333-8FDC-42A3-9474-1A3956D46DE8}") = "Task4", "Task4", "{24CA8B46-C3EF-4909-BD71-DC5B4EA642A6}"
EndProject
Project("{FAE04EC0-301F-11D3-BF4B-00C04F79EFBC}") = "Tyuiu.KonstantinovaJN.Sprint3.Task4.V3", "Tyuiu.KonstantinovaJN.Sprint3.Task4.V3\Tyuiu.KonstantinovaJN.Sprint3.Task4.V3.csproj", "{33F50BBB-F26C-4FAA-98AB-9F441842DFF0}"
EndProject
Project("{FAE04EC0-301F-11D3-BF4B-00C04F79EFBC}") = "Tyuiu.KonstantinovaJN.Sprint3.Task4.V3.Test", "Tyuiu.KonstantinovaJN.Sprint3.Task4.V3.Test\Tyuiu.KonstantinovaJN.Sprint3.Task4.V3.Test.csproj", "{E5D61858-4B49-497C-A074-478FAF7C7F4B}"
EndProject
Project("{FAE04EC0-301F-11D3-BF4B-00C04F79EFBC}") = "Tyuiu.KonstantinovaJN.Sprint3.Task4.V3.Lib", "Tyuiu.KonstantinovaJN.Sprint3.Task4.V3.Lib\Tyuiu.KonstantinovaJN.Sprint3.Task4.V3.Lib.csproj", "{E6AEA12D-3D7E-4FAA-A385-0EF3799EACC8}"
EndProject
Project("{2150E333-8FDC-42A3-9474-1A3956D46DE8}") = "Task5", "Task5", "{27538D6B-1776-4705-82DA-6A1885DA8094}"
EndProject
Project("{FAE04EC0-301F-11D3-BF4B-00C04F79EFBC}") = "Tyuiu.KonstantinovaJN.Sprint3.Task5.V3", "Tyuiu.KonstantinovaJN.Sprint3.Task5.V3\Tyuiu.KonstantinovaJN.Sprint3.Task5.V3.csproj", "{015C46B7-64FC-40D4-A646-B4FCAF52D724}"
EndProject
Project("{FAE04EC0-301F-11D3-BF4B-00C04F79EFBC}") = "Tyuiu.KonstantinovaJN.Sprint3.Task5.V3.Lib", "Tyuiu.KonstantinovaJN.Sprint3.Task5.V3.Lib\Tyuiu.KonstantinovaJN.Sprint3.Task5.V3.Lib.csproj", "{3517E81D-8E65-4098-A107-307AC5C4BAEC}"
EndProject
Project("{FAE04EC0-301F-11D3-BF4B-00C04F79EFBC}") = "Tyuiu.KonstantinovaJN.Sprint3.Task5.V3.Test", "Tyuiu.KonstantinovaJN.Sprint3.Task5.V3.Test\Tyuiu.KonstantinovaJN.Sprint3.Task5.V3.Test.csproj", "{FBCEB4DE-5C65-4D07-8624-0F98ECEBA002}"
EndProject
Global
	GlobalSection(SolutionConfigurationPlatforms) = preSolution
		Debug|Any CPU = Debug|Any CPU
		Release|Any CPU = Release|Any CPU
	EndGlobalSection
	GlobalSection(ProjectConfigurationPlatforms) = postSolution
		{4F7AC569-482D-4C36-97CA-F2CEF1A4F323}.Debug|Any CPU.ActiveCfg = Debug|Any CPU
		{4F7AC569-482D-4C36-97CA-F2CEF1A4F323}.Debug|Any CPU.Build.0 = Debug|Any CPU
		{4F7AC569-482D-4C36-97CA-F2CEF1A4F323}.Release|Any CPU.ActiveCfg = Release|Any CPU
		{4F7AC569-482D-4C36-97CA-F2CEF1A4F323}.Release|Any CPU.Build.0 = Release|Any CPU
		{FC568331-C13C-448F-89C6-68770B7EBB41}.Debug|Any CPU.ActiveCfg = Debug|Any CPU
		{FC568331-C13C-448F-89C6-68770B7EBB41}.Debug|Any CPU.Build.0 = Debug|Any CPU
		{FC568331-C13C-448F-89C6-68770B7EBB41}.Release|Any CPU.ActiveCfg = Release|Any CPU
		{FC568331-C13C-448F-89C6-68770B7EBB41}.Release|Any CPU.Build.0 = Release|Any CPU
		{2E5140C2-3424-4845-A91C-B48B1728D331}.Debug|Any CPU.ActiveCfg = Debug|Any CPU
		{2E5140C2-3424-4845-A91C-B48B1728D331}.Debug|Any CPU.Build.0 = Debug|Any CPU
		{2E5140C2-3424-4845-A91C-B48B1728D331}.Release|Any CPU.ActiveCfg = Release|Any CPU
		{2E5140C2-3424-4845-A91C-B48B1728D331}.Release|Any CPU.Build.0 = Release|Any CPU
		{40652217-48EC-43F3-99FA-2A2749F292ED}.Debug|Any CPU.ActiveCfg = Debug|Any CPU
		{40652217-48EC-43F3-99FA-2A2749F292ED}.Debug|Any CPU.Build.0 = Debug|Any CPU
		{40652217-48EC-43F3-99FA-2A2749F292ED}.Release|Any CPU.ActiveCfg = Release|Any CPU
		{40652217-48EC-43F3-99FA-2A2749F292ED}.Release|Any CPU.Build.0 = Release|Any CPU
		{4BAF72F1-C554-4F5D-B3DA-7E8B1BD6915F}.Debug|Any CPU.ActiveCfg = Debug|Any CPU
		{4BAF72F1-C554-4F5D-B3DA-7E8B1BD6915F}.Debug|Any CPU.Build.0 = Debug|Any CPU
		{4BAF72F1-C554-4F5D-B3DA-7E8B1BD6915F}.Release|Any CPU.ActiveCfg = Release|Any CPU
		{4BAF72F1-C554-4F5D-B3DA-7E8B1BD6915F}.Release|Any CPU.Build.0 = Release|Any CPU
		{33B0D434-B556-41D9-9D1E-E1A5C19D77B6}.Debug|Any CPU.ActiveCfg = Debug|Any CPU
		{33B0D434-B556-41D9-9D1E-E1A5C19D77B6}.Debug|Any CPU.Build.0 = Debug|Any CPU
		{33B0D434-B556-41D9-9D1E-E1A5C19D77B6}.Release|Any CPU.ActiveCfg = Release|Any CPU
		{33B0D434-B556-41D9-9D1E-E1A5C19D77B6}.Release|Any CPU.Build.0 = Release|Any CPU
		{61B8C29C-3325-428A-93AE-EBE6B7A0AD35}.Debug|Any CPU.ActiveCfg = Debug|Any CPU
		{61B8C29C-3325-428A-93AE-EBE6B7A0AD35}.Debug|Any CPU.Build.0 = Debug|Any CPU
		{61B8C29C-3325-428A-93AE-EBE6B7A0AD35}.Release|Any CPU.ActiveCfg = Release|Any CPU
		{61B8C29C-3325-428A-93AE-EBE6B7A0AD35}.Release|Any CPU.Build.0 = Release|Any CPU
		{2F4D9A91-B071-4289-ABBA-33A92E0F4C1C}.Debug|Any CPU.ActiveCfg = Debug|Any CPU
		{2F4D9A91-B071-4289-ABBA-33A92E0F4C1C}.Debug|Any CPU.Build.0 = Debug|Any CPU
		{2F4D9A91-B071-4289-ABBA-33A92E0F4C1C}.Release|Any CPU.ActiveCfg = Release|Any CPU
		{2F4D9A91-B071-4289-ABBA-33A92E0F4C1C}.Release|Any CPU.Build.0 = Release|Any CPU
		{FC90E701-B334-4788-90A7-75C896639DED}.Debug|Any CPU.ActiveCfg = Debug|Any CPU
		{FC90E701-B334-4788-90A7-75C896639DED}.Debug|Any CPU.Build.0 = Debug|Any CPU
		{FC90E701-B334-4788-90A7-75C896639DED}.Release|Any CPU.ActiveCfg = Release|Any CPU
		{FC90E701-B334-4788-90A7-75C896639DED}.Release|Any CPU.Build.0 = Release|Any CPU
		{51A1E639-6CB6-49E5-8404-FBD6599FD8C9}.Debug|Any CPU.ActiveCfg = Debug|Any CPU
		{51A1E639-6CB6-49E5-8404-FBD6599FD8C9}.Debug|Any CPU.Build.0 = Debug|Any CPU
		{51A1E639-6CB6-49E5-8404-FBD6599FD8C9}.Release|Any CPU.ActiveCfg = Release|Any CPU
		{51A1E639-6CB6-49E5-8404-FBD6599FD8C9}.Release|Any CPU.Build.0 = Release|Any CPU
		{B41DAF39-F1E4-4C2D-A9C6-B96481E7299D}.Debug|Any CPU.ActiveCfg = Debug|Any CPU
		{B41DAF39-F1E4-4C2D-A9C6-B96481E7299D}.Debug|Any CPU.Build.0 = Debug|Any CPU
		{B41DAF39-F1E4-4C2D-A9C6-B96481E7299D}.Release|Any CPU.ActiveCfg = Release|Any CPU
		{B41DAF39-F1E4-4C2D-A9C6-B96481E7299D}.Release|Any CPU.Build.0 = Release|Any CPU
		{24C8B028-F914-4DF8-886C-520097FD7009}.Debug|Any CPU.ActiveCfg = Debug|Any CPU
		{24C8B028-F914-4DF8-886C-520097FD7009}.Debug|Any CPU.Build.0 = Debug|Any CPU
		{24C8B028-F914-4DF8-886C-520097FD7009}.Release|Any CPU.ActiveCfg = Release|Any CPU
		{24C8B028-F914-4DF8-886C-520097FD7009}.Release|Any CPU.Build.0 = Release|Any CPU
		{33F50BBB-F26C-4FAA-98AB-9F441842DFF0}.Debug|Any CPU.ActiveCfg = Debug|Any CPU
		{33F50BBB-F26C-4FAA-98AB-9F441842DFF0}.Debug|Any CPU.Build.0 = Debug|Any CPU
		{33F50BBB-F26C-4FAA-98AB-9F441842DFF0}.Release|Any CPU.ActiveCfg = Release|Any CPU
		{33F50BBB-F26C-4FAA-98AB-9F441842DFF0}.Release|Any CPU.Build.0 = Release|Any CPU
		{E5D61858-4B49-497C-A074-478FAF7C7F4B}.Debug|Any CPU.ActiveCfg = Debug|Any CPU
		{E5D61858-4B49-497C-A074-478FAF7C7F4B}.Debug|Any CPU.Build.0 = Debug|Any CPU
		{E5D61858-4B49-497C-A074-478FAF7C7F4B}.Release|Any CPU.ActiveCfg = Release|Any CPU
		{E5D61858-4B49-497C-A074-478FAF7C7F4B}.Release|Any CPU.Build.0 = Release|Any CPU
		{E6AEA12D-3D7E-4FAA-A385-0EF3799EACC8}.Debug|Any CPU.ActiveCfg = Debug|Any CPU
		{E6AEA12D-3D7E-4FAA-A385-0EF3799EACC8}.Debug|Any CPU.Build.0 = Debug|Any CPU
		{E6AEA12D-3D7E-4FAA-A385-0EF3799EACC8}.Release|Any CPU.ActiveCfg = Release|Any CPU
		{E6AEA12D-3D7E-4FAA-A385-0EF3799EACC8}.Release|Any CPU.Build.0 = Release|Any CPU
		{015C46B7-64FC-40D4-A646-B4FCAF52D724}.Debug|Any CPU.ActiveCfg = Debug|Any CPU
		{015C46B7-64FC-40D4-A646-B4FCAF52D724}.Debug|Any CPU.Build.0 = Debug|Any CPU
		{015C46B7-64FC-40D4-A646-B4FCAF52D724}.Release|Any CPU.ActiveCfg = Release|Any CPU
		{015C46B7-64FC-40D4-A646-B4FCAF52D724}.Release|Any CPU.Build.0 = Release|Any CPU
		{3517E81D-8E65-4098-A107-307AC5C4BAEC}.Debug|Any CPU.ActiveCfg = Debug|Any CPU
		{3517E81D-8E65-4098-A107-307AC5C4BAEC}.Debug|Any CPU.Build.0 = Debug|Any CPU
		{3517E81D-8E65-4098-A107-307AC5C4BAEC}.Release|Any CPU.ActiveCfg = Release|Any CPU
		{3517E81D-8E65-4098-A107-307AC5C4BAEC}.Release|Any CPU.Build.0 = Release|Any CPU
		{FBCEB4DE-5C65-4D07-8624-0F98ECEBA002}.Debug|Any CPU.ActiveCfg = Debug|Any CPU
		{FBCEB4DE-5C65-4D07-8624-0F98ECEBA002}.Debug|Any CPU.Build.0 = Debug|Any CPU
		{FBCEB4DE-5C65-4D07-8624-0F98ECEBA002}.Release|Any CPU.ActiveCfg = Release|Any CPU
		{FBCEB4DE-5C65-4D07-8624-0F98ECEBA002}.Release|Any CPU.Build.0 = Release|Any CPU
	EndGlobalSection
	GlobalSection(SolutionProperties) = preSolution
		HideSolutionNode = FALSE
	EndGlobalSection
	GlobalSection(NestedProjects) = preSolution
		{4F7AC569-482D-4C36-97CA-F2CEF1A4F323} = {BC3FC517-36E3-43A5-B249-CBD67547FC6E}
		{FC568331-C13C-448F-89C6-68770B7EBB41} = {BC3FC517-36E3-43A5-B249-CBD67547FC6E}
		{2E5140C2-3424-4845-A91C-B48B1728D331} = {BC3FC517-36E3-43A5-B249-CBD67547FC6E}
		{40652217-48EC-43F3-99FA-2A2749F292ED} = {3856B63A-E6C6-479A-B19A-1560336B8043}
		{4BAF72F1-C554-4F5D-B3DA-7E8B1BD6915F} = {3856B63A-E6C6-479A-B19A-1560336B8043}
		{33B0D434-B556-41D9-9D1E-E1A5C19D77B6} = {3856B63A-E6C6-479A-B19A-1560336B8043}
		{61B8C29C-3325-428A-93AE-EBE6B7A0AD35} = {6910F31E-2631-4118-9D10-F46284DA4AE7}
		{2F4D9A91-B071-4289-ABBA-33A92E0F4C1C} = {6910F31E-2631-4118-9D10-F46284DA4AE7}
		{FC90E701-B334-4788-90A7-75C896639DED} = {6910F31E-2631-4118-9D10-F46284DA4AE7}
		{51A1E639-6CB6-49E5-8404-FBD6599FD8C9} = {35359E22-12B3-49D4-8039-488D584F33B1}
		{B41DAF39-F1E4-4C2D-A9C6-B96481E7299D} = {35359E22-12B3-49D4-8039-488D584F33B1}
		{24C8B028-F914-4DF8-886C-520097FD7009} = {35359E22-12B3-49D4-8039-488D584F33B1}
		{33F50BBB-F26C-4FAA-98AB-9F441842DFF0} = {24CA8B46-C3EF-4909-BD71-DC5B4EA642A6}
		{E5D61858-4B49-497C-A074-478FAF7C7F4B} = {24CA8B46-C3EF-4909-BD71-DC5B4EA642A6}
		{E6AEA12D-3D7E-4FAA-A385-0EF3799EACC8} = {24CA8B46-C3EF-4909-BD71-DC5B4EA642A6}
		{015C46B7-64FC-40D4-A646-B4FCAF52D724} = {27538D6B-1776-4705-82DA-6A1885DA8094}
		{3517E81D-8E65-4098-A107-307AC5C4BAEC} = {27538D6B-1776-4705-82DA-6A1885DA8094}
		{FBCEB4DE-5C65-4D07-8624-0F98ECEBA002} = {27538D6B-1776-4705-82DA-6A1885DA8094}
	EndGlobalSection
	GlobalSection(ExtensibilityGlobals) = postSolution
		SolutionGuid = {2FDBC99E-F468-4398-A82B-2AE30A387357}
	EndGlobalSection
EndGlobal
